
Microsoft Visual Studio Solution File, Format Version 12.00
# Visual Studio 14
VisualStudioVersion = 14.0.25420.1
MinimumVisualStudioVersion = 10.0.40219.1
Project("{FAE04EC0-301F-11D3-BF4B-00C04F79EFBC}") = "web api", "web api\web api.csproj", "{A18D3D0C-806B-414A-B391-7C9CFB31E5CC}"
EndProject
Project("{FAE04EC0-301F-11D3-BF4B-00C04F79EFBC}") = "mvc", "mvc\mvc.csproj", "{570DFBAF-7B8F-4616-806F-EB65475EA4A0}"
EndProject
Global
	GlobalSection(SolutionConfigurationPlatforms) = preSolution
		Debug|Any CPU = Debug|Any CPU
		Release|Any CPU = Release|Any CPU
	EndGlobalSection
	GlobalSection(ProjectConfigurationPlatforms) = postSolution
		{A18D3D0C-806B-414A-B391-7C9CFB31E5CC}.Debug|Any CPU.ActiveCfg = Debug|Any CPU
		{A18D3D0C-806B-414A-B391-7C9CFB31E5CC}.Debug|Any CPU.Build.0 = Debug|Any CPU
		{A18D3D0C-806B-414A-B391-7C9CFB31E5CC}.Release|Any CPU.ActiveCfg = Release|Any CPU
		{A18D3D0C-806B-414A-B391-7C9CFB31E5CC}.Release|Any CPU.Build.0 = Release|Any CPU
		{570DFBAF-7B8F-4616-806F-EB65475EA4A0}.Debug|Any CPU.ActiveCfg = Debug|Any CPU
		{570DFBAF-7B8F-4616-806F-EB65475EA4A0}.Debug|Any CPU.Build.0 = Debug|Any CPU
		{570DFBAF-7B8F-4616-806F-EB65475EA4A0}.Release|Any CPU.ActiveCfg = Release|Any CPU
		{570DFBAF-7B8F-4616-806F-EB65475EA4A0}.Release|Any CPU.Build.0 = Release|Any CPU
	EndGlobalSection
	GlobalSection(SolutionProperties) = preSolution
		HideSolutionNode = FALSE
	EndGlobalSection
EndGlobal
